
Microsoft Visual Studio Solution File, Format Version 12.00
# Visual Studio 15
VisualStudioVersion = 15.0.26730.12
MinimumVisualStudioVersion = 10.0.40219.1
Project("{FAE04EC0-301F-11D3-BF4B-00C04F79EFBC}") = "LinkedInLogin", "LinkedInLogin\LinkedInLogin.csproj", "{B8DB3BE2-9E7E-449F-90A6-765EE40D26E8}"
EndProject
Global
	GlobalSection(SolutionConfigurationPlatforms) = preSolution
		Debug|Any CPU = Debug|Any CPU
		Release|Any CPU = Release|Any CPU
	EndGlobalSection
	GlobalSection(ProjectConfigurationPlatforms) = postSolution
		{B8DB3BE2-9E7E-449F-90A6-765EE40D26E8}.Debug|Any CPU.ActiveCfg = Debug|Any CPU
		{B8DB3BE2-9E7E-449F-90A6-765EE40D26E8}.Debug|Any CPU.Build.0 = Debug|Any CPU
		{B8DB3BE2-9E7E-449F-90A6-765EE40D26E8}.Release|Any CPU.ActiveCfg = Release|Any CPU
		{B8DB3BE2-9E7E-449F-90A6-765EE40D26E8}.Release|Any CPU.Build.0 = Release|Any CPU
	EndGlobalSection
	GlobalSection(SolutionProperties) = preSolution
		HideSolutionNode = FALSE
	EndGlobalSection
	GlobalSection(ExtensibilityGlobals) = postSolution
		SolutionGuid = {6FFC79FB-C859-43E8-85BF-F27EDBCB9A46}
	EndGlobalSection
EndGlobal
